
Microsoft Visual Studio Solution File, Format Version 12.00
# Visual Studio 15
VisualStudioVersion = 15.0.26124.0
MinimumVisualStudioVersion = 15.0.26124.0
Project("{2150E333-8FDC-42A3-9474-1A3956D46DE8}") = "src", "src", "{B1B6614B-397B-4A49-B55A-0CE3F167B6E3}"
EndProject
Project("{F2A71F9B-5D33-465A-A702-920D77279786}") = "FrontEnd", "src\FrontEnd\FrontEnd.fsproj", "{1D28560F-BDD8-43D0-8177-34A10101980F}"
EndProject
Project("{F2A71F9B-5D33-465A-A702-920D77279786}") = "Interpreter", "src\Interpreter\Interpreter.fsproj", "{EBB36E3D-3CC0-4640-83C6-8F8105914155}"
EndProject
Project("{F2A71F9B-5D33-465A-A702-920D77279786}") = "Interpreter.Test", "src\Interpreter.Test\Interpreter.Test.fsproj", "{E40972BC-F6EE-4EB2-B9C1-F9106954B994}"
EndProject
Project("{F2A71F9B-5D33-465A-A702-920D77279786}") = "FrontEnd.Test", "src\FrontEnd.Test\FrontEnd.Test.fsproj", "{7D3342A3-A36E-4D8B-AA86-19D4AE1B9491}"
EndProject
Global
	GlobalSection(SolutionConfigurationPlatforms) = preSolution
		Debug|Any CPU = Debug|Any CPU
		Debug|x64 = Debug|x64
		Debug|x86 = Debug|x86
		Release|Any CPU = Release|Any CPU
		Release|x64 = Release|x64
		Release|x86 = Release|x86
	EndGlobalSection
	GlobalSection(SolutionProperties) = preSolution
		HideSolutionNode = FALSE
	EndGlobalSection
	GlobalSection(ProjectConfigurationPlatforms) = postSolution
		{4BD2C574-3813-4A96-BC52-4B7735660E5E}.Debug|Any CPU.ActiveCfg = Debug|Any CPU
		{4BD2C574-3813-4A96-BC52-4B7735660E5E}.Debug|Any CPU.Build.0 = Debug|Any CPU
		{4BD2C574-3813-4A96-BC52-4B7735660E5E}.Debug|x64.ActiveCfg = Debug|Any CPU
		{4BD2C574-3813-4A96-BC52-4B7735660E5E}.Debug|x64.Build.0 = Debug|Any CPU
		{4BD2C574-3813-4A96-BC52-4B7735660E5E}.Debug|x86.ActiveCfg = Debug|Any CPU
		{4BD2C574-3813-4A96-BC52-4B7735660E5E}.Debug|x86.Build.0 = Debug|Any CPU
		{4BD2C574-3813-4A96-BC52-4B7735660E5E}.Release|Any CPU.ActiveCfg = Release|Any CPU
		{4BD2C574-3813-4A96-BC52-4B7735660E5E}.Release|Any CPU.Build.0 = Release|Any CPU
		{4BD2C574-3813-4A96-BC52-4B7735660E5E}.Release|x64.ActiveCfg = Release|Any CPU
		{4BD2C574-3813-4A96-BC52-4B7735660E5E}.Release|x64.Build.0 = Release|Any CPU
		{4BD2C574-3813-4A96-BC52-4B7735660E5E}.Release|x86.ActiveCfg = Release|Any CPU
		{4BD2C574-3813-4A96-BC52-4B7735660E5E}.Release|x86.Build.0 = Release|Any CPU
		{BC960CC9-8C9B-432C-BEBB-4E8D916FEC43}.Debug|Any CPU.ActiveCfg = Debug|Any CPU
		{BC960CC9-8C9B-432C-BEBB-4E8D916FEC43}.Debug|Any CPU.Build.0 = Debug|Any CPU
		{BC960CC9-8C9B-432C-BEBB-4E8D916FEC43}.Debug|x64.ActiveCfg = Debug|Any CPU
		{BC960CC9-8C9B-432C-BEBB-4E8D916FEC43}.Debug|x64.Build.0 = Debug|Any CPU
		{BC960CC9-8C9B-432C-BEBB-4E8D916FEC43}.Debug|x86.ActiveCfg = Debug|Any CPU
		{BC960CC9-8C9B-432C-BEBB-4E8D916FEC43}.Debug|x86.Build.0 = Debug|Any CPU
		{BC960CC9-8C9B-432C-BEBB-4E8D916FEC43}.Release|Any CPU.ActiveCfg = Release|Any CPU
		{BC960CC9-8C9B-432C-BEBB-4E8D916FEC43}.Release|Any CPU.Build.0 = Release|Any CPU
		{BC960CC9-8C9B-432C-BEBB-4E8D916FEC43}.Release|x64.ActiveCfg = Release|Any CPU
		{BC960CC9-8C9B-432C-BEBB-4E8D916FEC43}.Release|x64.Build.0 = Release|Any CPU
		{BC960CC9-8C9B-432C-BEBB-4E8D916FEC43}.Release|x86.ActiveCfg = Release|Any CPU
		{BC960CC9-8C9B-432C-BEBB-4E8D916FEC43}.Release|x86.Build.0 = Release|Any CPU
		{2A35BF46-31F1-4C1D-96E9-99392A9653D2}.Debug|Any CPU.ActiveCfg = Debug|Any CPU
		{2A35BF46-31F1-4C1D-96E9-99392A9653D2}.Debug|Any CPU.Build.0 = Debug|Any CPU
		{2A35BF46-31F1-4C1D-96E9-99392A9653D2}.Debug|x64.ActiveCfg = Debug|Any CPU
		{2A35BF46-31F1-4C1D-96E9-99392A9653D2}.Debug|x64.Build.0 = Debug|Any CPU
		{2A35BF46-31F1-4C1D-96E9-99392A9653D2}.Debug|x86.ActiveCfg = Debug|Any CPU
		{2A35BF46-31F1-4C1D-96E9-99392A9653D2}.Debug|x86.Build.0 = Debug|Any CPU
		{2A35BF46-31F1-4C1D-96E9-99392A9653D2}.Release|Any CPU.ActiveCfg = Release|Any CPU
		{2A35BF46-31F1-4C1D-96E9-99392A9653D2}.Release|Any CPU.Build.0 = Release|Any CPU
		{2A35BF46-31F1-4C1D-96E9-99392A9653D2}.Release|x64.ActiveCfg = Release|Any CPU
		{2A35BF46-31F1-4C1D-96E9-99392A9653D2}.Release|x64.Build.0 = Release|Any CPU
		{2A35BF46-31F1-4C1D-96E9-99392A9653D2}.Release|x86.ActiveCfg = Release|Any CPU
		{2A35BF46-31F1-4C1D-96E9-99392A9653D2}.Release|x86.Build.0 = Release|Any CPU
		{1D28560F-BDD8-43D0-8177-34A10101980F}.Debug|Any CPU.ActiveCfg = Debug|Any CPU
		{1D28560F-BDD8-43D0-8177-34A10101980F}.Debug|Any CPU.Build.0 = Debug|Any CPU
		{1D28560F-BDD8-43D0-8177-34A10101980F}.Debug|x64.ActiveCfg = Debug|Any CPU
		{1D28560F-BDD8-43D0-8177-34A10101980F}.Debug|x64.Build.0 = Debug|Any CPU
		{1D28560F-BDD8-43D0-8177-34A10101980F}.Debug|x86.ActiveCfg = Debug|Any CPU
		{1D28560F-BDD8-43D0-8177-34A10101980F}.Debug|x86.Build.0 = Debug|Any CPU
		{1D28560F-BDD8-43D0-8177-34A10101980F}.Release|Any CPU.ActiveCfg = Release|Any CPU
		{1D28560F-BDD8-43D0-8177-34A10101980F}.Release|Any CPU.Build.0 = Release|Any CPU
		{1D28560F-BDD8-43D0-8177-34A10101980F}.Release|x64.ActiveCfg = Release|Any CPU
		{1D28560F-BDD8-43D0-8177-34A10101980F}.Release|x64.Build.0 = Release|Any CPU
		{1D28560F-BDD8-43D0-8177-34A10101980F}.Release|x86.ActiveCfg = Release|Any CPU
		{1D28560F-BDD8-43D0-8177-34A10101980F}.Release|x86.Build.0 = Release|Any CPU
		{EBB36E3D-3CC0-4640-83C6-8F8105914155}.Debug|Any CPU.ActiveCfg = Debug|Any CPU
		{EBB36E3D-3CC0-4640-83C6-8F8105914155}.Debug|Any CPU.Build.0 = Debug|Any CPU
		{EBB36E3D-3CC0-4640-83C6-8F8105914155}.Debug|x64.ActiveCfg = Debug|Any CPU
		{EBB36E3D-3CC0-4640-83C6-8F8105914155}.Debug|x64.Build.0 = Debug|Any CPU
		{EBB36E3D-3CC0-4640-83C6-8F8105914155}.Debug|x86.ActiveCfg = Debug|Any CPU
		{EBB36E3D-3CC0-4640-83C6-8F8105914155}.Debug|x86.Build.0 = Debug|Any CPU
		{EBB36E3D-3CC0-4640-83C6-8F8105914155}.Release|Any CPU.ActiveCfg = Release|Any CPU
		{EBB36E3D-3CC0-4640-83C6-8F8105914155}.Release|Any CPU.Build.0 = Release|Any CPU
		{EBB36E3D-3CC0-4640-83C6-8F8105914155}.Release|x64.ActiveCfg = Release|Any CPU
		{EBB36E3D-3CC0-4640-83C6-8F8105914155}.Release|x64.Build.0 = Release|Any CPU
		{EBB36E3D-3CC0-4640-83C6-8F8105914155}.Release|x86.ActiveCfg = Release|Any CPU
		{EBB36E3D-3CC0-4640-83C6-8F8105914155}.Release|x86.Build.0 = Release|Any CPU
		{E40972BC-F6EE-4EB2-B9C1-F9106954B994}.Debug|Any CPU.ActiveCfg = Debug|Any CPU
		{E40972BC-F6EE-4EB2-B9C1-F9106954B994}.Debug|Any CPU.Build.0 = Debug|Any CPU
		{E40972BC-F6EE-4EB2-B9C1-F9106954B994}.Debug|x64.ActiveCfg = Debug|Any CPU
		{E40972BC-F6EE-4EB2-B9C1-F9106954B994}.Debug|x64.Build.0 = Debug|Any CPU
		{E40972BC-F6EE-4EB2-B9C1-F9106954B994}.Debug|x86.ActiveCfg = Debug|Any CPU
		{E40972BC-F6EE-4EB2-B9C1-F9106954B994}.Debug|x86.Build.0 = Debug|Any CPU
		{E40972BC-F6EE-4EB2-B9C1-F9106954B994}.Release|Any CPU.ActiveCfg = Release|Any CPU
		{E40972BC-F6EE-4EB2-B9C1-F9106954B994}.Release|Any CPU.Build.0 = Release|Any CPU
		{E40972BC-F6EE-4EB2-B9C1-F9106954B994}.Release|x64.ActiveCfg = Release|Any CPU
		{E40972BC-F6EE-4EB2-B9C1-F9106954B994}.Release|x64.Build.0 = Release|Any CPU
		{E40972BC-F6EE-4EB2-B9C1-F9106954B994}.Release|x86.ActiveCfg = Release|Any CPU
		{E40972BC-F6EE-4EB2-B9C1-F9106954B994}.Release|x86.Build.0 = Release|Any CPU
		{7D3342A3-A36E-4D8B-AA86-19D4AE1B9491}.Debug|Any CPU.ActiveCfg = Debug|Any CPU
		{7D3342A3-A36E-4D8B-AA86-19D4AE1B9491}.Debug|Any CPU.Build.0 = Debug|Any CPU
		{7D3342A3-A36E-4D8B-AA86-19D4AE1B9491}.Debug|x64.ActiveCfg = Debug|Any CPU
		{7D3342A3-A36E-4D8B-AA86-19D4AE1B9491}.Debug|x64.Build.0 = Debug|Any CPU
		{7D3342A3-A36E-4D8B-AA86-19D4AE1B9491}.Debug|x86.ActiveCfg = Debug|Any CPU
		{7D3342A3-A36E-4D8B-AA86-19D4AE1B9491}.Debug|x86.Build.0 = Debug|Any CPU
		{7D3342A3-A36E-4D8B-AA86-19D4AE1B9491}.Release|Any CPU.ActiveCfg = Release|Any CPU
		{7D3342A3-A36E-4D8B-AA86-19D4AE1B9491}.Release|Any CPU.Build.0 = Release|Any CPU
		{7D3342A3-A36E-4D8B-AA86-19D4AE1B9491}.Release|x64.ActiveCfg = Release|Any CPU
		{7D3342A3-A36E-4D8B-AA86-19D4AE1B9491}.Release|x64.Build.0 = Release|Any CPU
		{7D3342A3-A36E-4D8B-AA86-19D4AE1B9491}.Release|x86.ActiveCfg = Release|Any CPU
		{7D3342A3-A36E-4D8B-AA86-19D4AE1B9491}.Release|x86.Build.0 = Release|Any CPU
	EndGlobalSection
	GlobalSection(NestedProjects) = preSolution
		{1D28560F-BDD8-43D0-8177-34A10101980F} = {B1B6614B-397B-4A49-B55A-0CE3F167B6E3}
		{EBB36E3D-3CC0-4640-83C6-8F8105914155} = {B1B6614B-397B-4A49-B55A-0CE3F167B6E3}
		{E40972BC-F6EE-4EB2-B9C1-F9106954B994} = {B1B6614B-397B-4A49-B55A-0CE3F167B6E3}
		{7D3342A3-A36E-4D8B-AA86-19D4AE1B9491} = {B1B6614B-397B-4A49-B55A-0CE3F167B6E3}
	EndGlobalSection
EndGlobal
